github.com/coder/websocket v1.8.15 h1:6B2JPeOGlpff2Uz6vOEH1Vzpi0iUz20A+lPVhPHtNUA=
github.com/coder/websocket v1.8.15/go.mod h1:NX3SzP+inril6yawo5CQXx8+fk145lPDC6pumgx0mVg=
github.com/dlclark/regexp2/v2 v2.5.1 h1:E5Ug7Dh264W1ymdySmiHNcDG7fmsR307APCE5R07a20=
github.com/dlclark/regexp2/v2 v2.5.1/go.mod h1:avUrQvPaLz2DrFNHJF0taWAFFX2C1GMSSoeiqFjcBmU=
github.com/tiktoken-go/tokenizer v0.8.1 h1:4obDoB6/dhdBt9xMweX4nww5cjdOq/nYF4ecwPq2+mg=
github.com/tiktoken-go/tokenizer v0.8.1/go.mod h1:eLA0t6nGvn9mDc7gt90qt7pMat+gE9ViqwQ6l9B+tA4=
go.yaml.in/yaml/v3 v3.0.4 h1:tfq32ie2Jv2UxXFdLJdh3jXuOzWiL1fo0bu/FbuKpbc=
go.yaml.in/yaml/v3 v3.0.4/go.mod h1:DhzuOOF2ATzADvBadXxruRBLzYTpT36CKvDb3+aBEFg=
